
Microsoft Visual Studio Solution File, Format Version 12.00
# Visual Studio Version 17
VisualStudioVersion = 17.7.34221.43
MinimumVisualStudioVersion = 10.0.40219.1
Project("{FAE04EC0-301F-11D3-BF4B-00C04F79EFBC}") = "staticDemo", "staticDemo\staticDemo.csproj", "{79FFD7E1-768D-4E03-AA79-86577FC4FF1D}"
EndProject
Global
	GlobalSection(SolutionConfigurationPlatforms) = preSolution
		Debug|Any CPU = Debug|Any CPU
		Release|Any CPU = Release|Any CPU
	EndGlobalSection
	GlobalSection(ProjectConfigurationPlatforms) = postSolution
		{79FFD7E1-768D-4E03-AA79-86577FC4FF1D}.Debug|Any CPU.ActiveCfg = Debug|Any CPU
		{79FFD7E1-768D-4E03-AA79-86577FC4FF1D}.Debug|Any CPU.Build.0 = Debug|Any CPU
		{79FFD7E1-768D-4E03-AA79-86577FC4FF1D}.Release|Any CPU.ActiveCfg = Release|Any CPU
		{79FFD7E1-768D-4E03-AA79-86577FC4FF1D}.Release|Any CPU.Build.0 = Release|Any CPU
	EndGlobalSection
	GlobalSection(SolutionProperties) = preSolution
		HideSolutionNode = FALSE
	EndGlobalSection
	GlobalSection(ExtensibilityGlobals) = postSolution
		SolutionGuid = {0BE15C5B-D58D-41FF-B522-C2B901AA13CB}
	EndGlobalSection
EndGlobal
